
Microsoft Visual Studio Solution File, Format Version 12.00
# Visual Studio Version 17
VisualStudioVersion = 17.6.33801.468
MinimumVisualStudioVersion = 10.0.40219.1
Project("{FAE04EC0-301F-11D3-BF4B-00C04F79EFBC}") = "EjercicioInterfacesBasicas", "EjercicioInterfacesBasicas\EjercicioInterfacesBasicas.csproj", "{24DED885-57EF-4656-B7C5-6AECDB29514D}"
EndProject
Global
	GlobalSection(SolutionConfigurationPlatforms) = preSolution
		Debug|Any CPU = Debug|Any CPU
		Release|Any CPU = Release|Any CPU
	EndGlobalSection
	GlobalSection(ProjectConfigurationPlatforms) = postSolution
		{24DED885-57EF-4656-B7C5-6AECDB29514D}.Debug|Any CPU.ActiveCfg = Debug|Any CPU
		{24DED885-57EF-4656-B7C5-6AECDB29514D}.Debug|Any CPU.Build.0 = Debug|Any CPU
		{24DED885-57EF-4656-B7C5-6AECDB29514D}.Release|Any CPU.ActiveCfg = Release|Any CPU
		{24DED885-57EF-4656-B7C5-6AECDB29514D}.Release|Any CPU.Build.0 = Release|Any CPU
	EndGlobalSection
	GlobalSection(SolutionProperties) = preSolution
		HideSolutionNode = FALSE
	EndGlobalSection
	GlobalSection(ExtensibilityGlobals) = postSolution
		SolutionGuid = {277B50A9-BF4F-4AFB-BB75-D4FB00EAF75E}
	EndGlobalSection
EndGlobal
